
Microsoft Visual Studio Solution File, Format Version 12.00
# Visual Studio Version 16
VisualStudioVersion = 16.0.30413.136
MinimumVisualStudioVersion = 10.0.40219.1
Project("{9A19103F-16F7-4668-BE54-9A1E7A4F7556}") = "FakeModel", "src\FakeModel\FakeModel.csproj", "{0E794F80-E118-4DCA-9B16-77A1EFD016DB}"
EndProject
Project("{9A19103F-16F7-4668-BE54-9A1E7A4F7556}") = "Diwink.Extensions.EntityFrameworkCore", "src\Diwink.Extensions.EntityFrameworkCore\Diwink.Extensions.EntityFrameworkCore.csproj", "{00D8F0BB-7A3D-40E7-AB1F-5500F5D0B691}"
EndProject
Project("{9A19103F-16F7-4668-BE54-9A1E7A4F7556}") = "UnitTests", "src\UnitTests\UnitTests.csproj", "{E65E0BCE-F23E-4E10-B031-08A932C8E67D}"
EndProject
Project("{2150E333-8FDC-42A3-9474-1A3956D46DE8}") = "src", "src", "{B88F5DA9-01EF-4705-B60D-725A2DFA8D82}"
EndProject
Project("{2150E333-8FDC-42A3-9474-1A3956D46DE8}") = "Solution Items", "Solution Items", "{59559C1B-D5D6-4520-B19D-860B70BFBB0F}"
	ProjectSection(SolutionItems) = preProject
		README.md = README.md
	EndProjectSection
EndProject
Global
	GlobalSection(SolutionConfigurationPlatforms) = preSolution
		Debug|Any CPU = Debug|Any CPU
		Release|Any CPU = Release|Any CPU
	EndGlobalSection
	GlobalSection(ProjectConfigurationPlatforms) = postSolution
		{0E794F80-E118-4DCA-9B16-77A1EFD016DB}.Debug|Any CPU.ActiveCfg = Debug|Any CPU
		{0E794F80-E118-4DCA-9B16-77A1EFD016DB}.Debug|Any CPU.Build.0 = Debug|Any CPU
		{0E794F80-E118-4DCA-9B16-77A1EFD016DB}.Release|Any CPU.ActiveCfg = Release|Any CPU
		{0E794F80-E118-4DCA-9B16-77A1EFD016DB}.Release|Any CPU.Build.0 = Release|Any CPU
		{00D8F0BB-7A3D-40E7-AB1F-5500F5D0B691}.Debug|Any CPU.ActiveCfg = Debug|Any CPU
		{00D8F0BB-7A3D-40E7-AB1F-5500F5D0B691}.Debug|Any CPU.Build.0 = Debug|Any CPU
		{00D8F0BB-7A3D-40E7-AB1F-5500F5D0B691}.Release|Any CPU.ActiveCfg = Release|Any CPU
		{00D8F0BB-7A3D-40E7-AB1F-5500F5D0B691}.Release|Any CPU.Build.0 = Release|Any CPU
		{E65E0BCE-F23E-4E10-B031-08A932C8E67D}.Debug|Any CPU.ActiveCfg = Debug|Any CPU
		{E65E0BCE-F23E-4E10-B031-08A932C8E67D}.Debug|Any CPU.Build.0 = Debug|Any CPU
		{E65E0BCE-F23E-4E10-B031-08A932C8E67D}.Release|Any CPU.ActiveCfg = Release|Any CPU
		{E65E0BCE-F23E-4E10-B031-08A932C8E67D}.Release|Any CPU.Build.0 = Release|Any CPU
	EndGlobalSection
	GlobalSection(SolutionProperties) = preSolution
		HideSolutionNode = FALSE
	EndGlobalSection
	GlobalSection(NestedProjects) = preSolution
		{0E794F80-E118-4DCA-9B16-77A1EFD016DB} = {B88F5DA9-01EF-4705-B60D-725A2DFA8D82}
		{00D8F0BB-7A3D-40E7-AB1F-5500F5D0B691} = {B88F5DA9-01EF-4705-B60D-725A2DFA8D82}
		{E65E0BCE-F23E-4E10-B031-08A932C8E67D} = {B88F5DA9-01EF-4705-B60D-725A2DFA8D82}
	EndGlobalSection
	GlobalSection(ExtensibilityGlobals) = postSolution
		SolutionGuid = {8BD0A6B1-A839-46FD-8892-B1FDA1DF6A6B}
	EndGlobalSection
EndGlobal
