<Solution>
  <Project Path="Diwink.Extensions.EntityFrameworkCore.TestModel/Diwink.Extensions.EntityFrameworkCore.TestModel.csproj" />
  <Project Path="Diwink.Extensions.EntityFrameworkCore.Tests.Integration/Diwink.Extensions.EntityFrameworkCore.Tests.Integration.csproj" />
  <Project Path="Diwink.Extensions.EntityFrameworkCore.Tests.Unit/Diwink.Extensions.EntityFrameworkCore.Tests.Unit.csproj" />
  <Project Path="Diwink.Extensions.EntityFrameworkCore/Diwink.Extensions.EntityFrameworkCore.csproj" />
</Solution>
